
Microsoft Visual Studio Solution File, Format Version 12.00
# Visual Studio Version 17
VisualStudioVersion = 17.11.35327.3
MinimumVisualStudioVersion = 10.0.40219.1
Project("{FAE04EC0-301F-11D3-BF4B-00C04F79EFBC}") = "Grafic", "Grafic\Grafic.csproj", "{A9303562-60D7-4126-82B8-E92D8A9830FA}"
EndProject
Global
	GlobalSection(SolutionConfigurationPlatforms) = preSolution
		Debug|Any CPU = Debug|Any CPU
		Release|Any CPU = Release|Any CPU
	EndGlobalSection
	GlobalSection(ProjectConfigurationPlatforms) = postSolution
		{A9303562-60D7-4126-82B8-E92D8A9830FA}.Debug|Any CPU.ActiveCfg = Debug|Any CPU
		{A9303562-60D7-4126-82B8-E92D8A9830FA}.Debug|Any CPU.Build.0 = Debug|Any CPU
		{A9303562-60D7-4126-82B8-E92D8A9830FA}.Release|Any CPU.ActiveCfg = Release|Any CPU
		{A9303562-60D7-4126-82B8-E92D8A9830FA}.Release|Any CPU.Build.0 = Release|Any CPU
	EndGlobalSection
	GlobalSection(SolutionProperties) = preSolution
		HideSolutionNode = FALSE
	EndGlobalSection
	GlobalSection(ExtensibilityGlobals) = postSolution
		SolutionGuid = {5DAC84CE-3B36-44DC-AB0A-E359D3ACEF67}
	EndGlobalSection
EndGlobal
